// !$*UTF8*$!
{
	archiveVersion = 1;
	classes = {
	};
	objectVersion = 50;
	objects = {

/* Begin PBXBuildFile section */
		32055941234D17CD00D2CBDD /* AppDelegate.swift in Sources */ = {isa = PBXBuildFile; fileRef = 32055940234D17CD00D2CBDD /* AppDelegate.swift */; };
		32055943234D17CD00D2CBDD /* ViewController.swift in Sources */ = {isa = PBXBuildFile; fileRef = 32055942234D17CD00D2CBDD /* ViewController.swift */; };
		32055946234D17CD00D2CBDD /* Main.storyboard in Resources */ = {isa = PBXBuildFile; fileRef = 32055944234D17CD00D2CBDD /* Main.storyboard */; };
		32055948234D17CF00D2CBDD /* Assets.xcassets in Resources */ = {isa = PBXBuildFile; fileRef = 32055947234D17CF00D2CBDD /* Assets.xcassets */; };
		3205594B234D17CF00D2CBDD /* LaunchScreen.storyboard in Resources */ = {isa = PBXBuildFile; fileRef = 32055949234D17CF00D2CBDD /* LaunchScreen.storyboard */; };
		32055953234DEFA300D2CBDD /* Task.swift in Sources */ = {isa = PBXBuildFile; fileRef = 32055952234DEFA300D2CBDD /* Task.swift */; };
		32055957234DFB0C00D2CBDD /* TaskCell.swift in Sources */ = {isa = PBXBuildFile; fileRef = 32055956234DFB0C00D2CBDD /* TaskCell.swift */; };
/* End PBXBuildFile section */

/* Begin PBXFileReference section */
		3205593D234D17CD00D2CBDD /* APITableView.app */ = {isa = PBXFileReference; explicitFileType = wrapper.application; includeInIndex = 0; path = APITableView.app; sourceTree = BUILT_PRODUCTS_DIR; };
		32055940234D17CD00D2CBDD /* AppDelegate.swift */ = {isa = PBXFileReference; lastKnownFileType = sourcecode.swift; path = AppDelegate.swift; sourceTree = "<group>"; };
		32055942234D17CD00D2CBDD /* ViewController.swift */ = {isa = PBXFileReference; lastKnownFileType = sourcecode.swift; path = ViewController.swift; sourceTree = "<group>"; };
		32055945234D17CD00D2CBDD /* Base */ = {isa = PBXFileReference; lastKnownFileType = file.storyboard; name = Base; path = Base.lproj/Main.storyboard; sourceTree = "<group>"; };
		32055947234D17CF00D2CBDD /* Assets.xcassets */ = {isa = PBXFileReference; lastKnownFileType = folder.assetcatalog; path = Assets.xcassets; sourceTree = "<group>"; };
		3205594A234D17CF00D2CBDD /* Base */ = {isa = PBXFileReference; lastKnownFileType = file.storyboard; name = Base; path = Base.lproj/LaunchScreen.storyboard; sourceTree = "<group>"; };
		3205594C234D17CF00D2CBDD /* Info.plist */ = {isa = PBXFileReference; lastKnownFileType = text.plist.xml; path = Info.plist; sourceTree = "<group>"; };
		32055952234DEFA300D2CBDD /* Task.swift */ = {isa = PBXFileReference; lastKnownFileType = sourcecode.swift; path = Task.swift; sourceTree = "<group>"; };
		32055956234DFB0C00D2CBDD /* TaskCell.swift */ = {isa = PBXFileReference; lastKnownFileType = sourcecode.swift; path = TaskCell.swift; sourceTree = "<group>"; };
/* End PBXFileReference section */

/* Begin PBXFrameworksBuildPhase section */
		3205593A234D17CD00D2CBDD /* Frameworks */ = {
			isa = PBXFrameworksBuildPhase;
			buildActionMask = 2147483647;
			files = (
			);
			runOnlyForDeploymentPostprocessing = 0;
		};
/* End PBXFrameworksBuildPhase section */

/* Begin PBXGroup section */
		32055934234D17CD00D2CBDD = {
			isa = PBXGroup;
			children = (
				3205593F234D17CD00D2CBDD /* APITableView */,
				3205593E234D17CD00D2CBDD /* Products */,
			);
			sourceTree = "<group>";
		};
		3205593E234D17CD00D2CBDD /* Products */ = {
			isa = PBXGroup;
			children = (
				3205593D234D17CD00D2CBDD /* APITableView.app */,
			);
			name = Products;
			sourceTree = "<group>";
		};
		3205593F234D17CD00D2CBDD /* APITableView */ = {
			isa = PBXGroup;
			children = (
				32055940234D17CD00D2CBDD /* AppDelegate.swift */,
				32055944234D17CD00D2CBDD /* Main.storyboard */,
				32055952234DEFA300D2CBDD /* Task.swift */,
				32055956234DFB0C00D2CBDD /* TaskCell.swift */,
				32055942234D17CD00D2CBDD /* ViewController.swift */,
				32055947234D17CF00D2CBDD /* Assets.xcassets */,
				32055949234D17CF00D2CBDD /* LaunchScreen.storyboard */,
				3205594C234D17CF00D2CBDD /* Info.plist */,
			);
			path = APITableView;
			sourceTree = "<group>";
		};
/* End PBXGroup section */

/* Begin PBXNativeTarget section */
		3205593C234D17CD00D2CBDD /* APITableView */ = {
			isa = PBXNativeTarget;
			buildConfigurationList = 3205594F234D17CF00D2CBDD /* Build configuration list for PBXNativeTarget "APITableView" */;
			buildPhases = (
				32055939234D17CD00D2CBDD /* Sources */,
				3205593A234D17CD00D2CBDD /* Frameworks */,
				3205593B234D17CD00D2CBDD /* Resources */,
			);
			buildRules = (
			);
			dependencies = (
			);
			name = APITableView;
			productName = APITableView;
			productReference = 3205593D234D17CD00D2CBDD /* APITableView.app */;
			productType = "com.apple.product-type.application";
		};
/* End PBXNativeTarget section */

/* Begin PBXProject section */
		32055935234D17CD00D2CBDD /* Project object */ = {
			isa = PBXProject;
			attributes = {
				LastSwiftUpdateCheck = 1030;
				LastUpgradeCheck = 1030;
				ORGANIZATIONNAME = "Kulyash Konyrova";
				TargetAttributes = {
					3205593C234D17CD00D2CBDD = {
						CreatedOnToolsVersion = 10.3;
					};
				};
			};
			buildConfigurationList = 32055938234D17CD00D2CBDD /* Build configuration list for PBXProject "APITableView" */;
			compatibilityVersion = "Xcode 9.3";
			developmentRegion = en;
			hasScannedForEncodings = 0;
			knownRegions = (
				en,
				Base,
			);
			mainGroup = 32055934234D17CD00D2CBDD;
			productRefGroup = 3205593E234D17CD00D2CBDD /* Products */;
			projectDirPath = "";
			projectRoot = "";
			targets = (
				3205593C234D17CD00D2CBDD /* APITableView */,
			);
		};
/* End PBXProject section */

/* Begin PBXResourcesBuildPhase section */
		3205593B234D17CD00D2CBDD /* Resources */ = {
			isa = PBXResourcesBuildPhase;
			buildActionMask = 2147483647;
			files = (
				3205594B234D17CF00D2CBDD /* LaunchScreen.storyboard in Resources */,
				32055948234D17CF00D2CBDD /* Assets.xcassets in Resources */,
				32055946234D17CD00D2CBDD /* Main.storyboard in Resources */,
			);
			runOnlyForDeploymentPostprocessing = 0;
		};
/* End PBXResourcesBuildPhase section */

/* Begin PBXSourcesBuildPhase section */
		32055939234D17CD00D2CBDD /* Sources */ = {
			isa = PBXSourcesBuildPhase;
			buildActionMask = 2147483647;
			files = (
				32055957234DFB0C00D2CBDD /* TaskCell.swift in Sources */,
				32055943234D17CD00D2CBDD /* ViewController.swift in Sources */,
				32055953234DEFA300D2CBDD /* Task.swift in Sources */,
				32055941234D17CD00D2CBDD /* AppDelegate.swift in Sources */,
			);
			runOnlyForDeploymentPostprocessing = 0;
		};
/* End PBXSourcesBuildPhase section */

/* Begin PBXVariantGroup section */
		32055944234D17CD00D2CBDD /* Main.storyboard */ = {
			isa = PBXVariantGroup;
			children = (
				32055945234D17CD00D2CBDD /* Base */,
			);
			name = Main.storyboard;
			sourceTree = "<group>";
		};
		32055949234D17CF00D2CBDD /* LaunchScreen.storyboard */ = {
			isa = PBXVariantGroup;
			children = (
				3205594A234D17CF00D2CBDD /* Base */,
			);
			name = LaunchScreen.storyboard;
			sourceTree = "<group>";
		};
/* End PBXVariantGroup section */

/* Begin XCBuildConfiguration section */
		3205594D234D17CF00D2CBDD /* Debug */ = {
			isa = XCBuildConfiguration;
			buildSettings = {
				ALWAYS_SEARCH_USER_PATHS = NO;
				CLANG_ANALYZER_NONNULL = YES;
				CLANG_ANALYZER_NUMBER_OBJECT_CONVERSION = YES_AGGRESSIVE;
				CLANG_CXX_LANGUAGE_STANDARD = "gnu++14";
				CLANG_CXX_LIBRARY = "libc++";
				CLANG_ENABLE_MODULES = YES;
				CLANG_ENABLE_OBJC_ARC = YES;
				CLANG_ENABLE_OBJC_WEAK = YES;
				CLANG_WARN_BLOCK_CAPTURE_AUTORELEASING = YES;
				CLANG_WARN_BOOL_CONVERSION = YES;
				CLANG_WARN_COMMA = YES;
				CLANG_WARN_CONSTANT_CONVERSION = YES;
				CLANG_WARN_DEPRECATED_OBJC_IMPLEMENTATIONS = YES;
				CLANG_WARN_DIRECT_OBJC_ISA_USAGE = YES_ERROR;
				CLANG_WARN_DOCUMENTATION_COMMENTS = YES;
				CLANG_WARN_EMPTY_BODY = YES;
				CLANG_WARN_ENUM_CONVERSION = YES;
				CLANG_WARN_INFINITE_RECURSION = YES;
				CLANG_WARN_INT_CONVERSION = YES;
				CLANG_WARN_NON_LITERAL_NULL_CONVERSION = YES;
				CLANG_WARN_OBJC_IMPLICIT_RETAIN_SELF = YES;
				CLANG_WARN_OBJC_LITERAL_CONVERSION = YES;
				CLANG_WARN_OBJC_ROOT_CLASS = YES_ERROR;
				CLANG_WARN_RANGE_LOOP_ANALYSIS = YES;
				CLANG_WARN_STRICT_PROTOTYPES = YES;
				CLANG_WARN_SUSPICIOUS_MOVE = YES;
				CLANG_WARN_UNGUARDED_AVAILABILITY = YES_AGGRESSIVE;
				CLANG_WARN_UNREACHABLE_CODE = YES;
				CLANG_WARN__DUPLICATE_METHOD_MATCH = YES;
				CODE_SIGN_IDENTITY = "iPhone Developer";
				COPY_PHASE_STRIP = NO;
				DEBUG_INFORMATION_FORMAT = dwarf;
				ENABLE_STRICT_OBJC_MSGSEND = YES;
				ENABLE_TESTABILITY = YES;
				GCC_C_LANGUAGE_STANDARD = gnu11;
				GCC_DYNAMIC_NO_PIC = NO;
				GCC_NO_COMMON_BLOCKS = YES;
				GCC_OPTIMIZATION_LEVEL = 0;
				GCC_PREPROCESSOR_DEFINITIONS = (
					"DEBUG=1",
					"$(inherited)",
				);
				GCC_WARN_64_TO_32_BIT_CONVERSION = YES;
				GCC_WARN_ABOUT_RETURN_TYPE = YES_ERROR;
				GCC_WARN_UNDECLARED_SELECTOR = YES;
				GCC_WARN_UNINITIALIZED_AUTOS = YES_AGGRESSIVE;
				GCC_WARN_UNUSED_FUNCTION = YES;
				GCC_WARN_UNUSED_VARIABLE = YES;
				IPHONEOS_DEPLOYMENT_TARGET = 12.4;
				MTL_ENABLE_DEBUG_INFO = INCLUDE_SOURCE;
				MTL_FAST_MATH = YES;
				ONLY_ACTIVE_ARCH = YES;
				SDKROOT = iphoneos;
				SWIFT_ACTIVE_COMPILATION_CONDITIONS = DEBUG;
				SWIFT_OPTIMIZATION_LEVEL = "-Onone";
			};
			name = Debug;
		};
		3205594E234D17CF00D2CBDD /* Release */ = {
			isa = XCBuildConfiguration;
			buildSettings = {
				ALWAYS_SEARCH_USER_PATHS = NO;
				CLANG_ANALYZER_NONNULL = YES;
				CLANG_ANALYZER_NUMBER_OBJECT_CONVERSION = YES_AGGRESSIVE;
				CLANG_CXX_LANGUAGE_STANDARD = "gnu++14";
				CLANG_CXX_LIBRARY = "libc++";
				CLANG_ENABLE_MODULES = YES;
				CLANG_ENABLE_OBJC_ARC = YES;
				CLANG_ENABLE_OBJC_WEAK = YES;
				CLANG_WARN_BLOCK_CAPTURE_AUTORELEASING = YES;
				CLANG_WARN_BOOL_CONVERSION = YES;
				CLANG_WARN_COMMA = YES;
				CLANG_WARN_CONSTANT_CONVERSION = YES;
				CLANG_WARN_DEPRECATED_OBJC_IMPLEMENTATIONS = YES;
				CLANG_WARN_DIRECT_OBJC_ISA_USAGE = YES_ERROR;
				CLANG_WARN_DOCUMENTATION_COMMENTS = YES;
				CLANG_WARN_EMPTY_BODY = YES;
				CLANG_WARN_ENUM_CONVERSION = YES;
				CLANG_WARN_INFINITE_RECURSION = YES;
				CLANG_WARN_INT_CONVERSION = YES;
				CLANG_WARN_NON_LITERAL_NULL_CONVERSION = YES;
				CLANG_WARN_OBJC_IMPLICIT_RETAIN_SELF = YES;
				CLANG_WARN_OBJC_LITERAL_CONVERSION = YES;
				CLANG_WARN_OBJC_ROOT_CLASS = YES_ERROR;
				CLANG_WARN_RANGE_LOOP_ANALYSIS = YES;
				CLANG_WARN_STRICT_PROTOTYPES = YES;
				CLANG_WARN_SUSPICIOUS_MOVE = YES;
				CLANG_WARN_UNGUARDED_AVAILABILITY = YES_AGGRESSIVE;
				CLANG_WARN_UNREACHABLE_CODE = YES;
				CLANG_WARN__DUPLICATE_METHOD_MATCH = YES;
				CODE_SIGN_IDENTITY = "iPhone Developer";
				COPY_PHASE_STRIP = NO;
				DEBUG_INFORMATION_FORMAT = "dwarf-with-dsym";
				ENABLE_NS_ASSERTIONS = NO;
				ENABLE_STRICT_OBJC_MSGSEND = YES;
				GCC_C_LANGUAGE_STANDARD = gnu11;
				GCC_NO_COMMON_BLOCKS = YES;
				GCC_WARN_64_TO_32_BIT_CONVERSION = YES;
				GCC_WARN_ABOUT_RETURN_TYPE = YES_ERROR;
				GCC_WARN_UNDECLARED_SELECTOR = YES;
				GCC_WARN_UNINITIALIZED_AUTOS = YES_AGGRESSIVE;
				GCC_WARN_UNUSED_FUNCTION = YES;
				GCC_WARN_UNUSED_VARIABLE = YES;
				IPHONEOS_DEPLOYMENT_TARGET = 12.4;
				MTL_ENABLE_DEBUG_INFO = NO;
				MTL_FAST_MATH = YES;
				SDKROOT = iphoneos;
				SWIFT_COMPILATION_MODE = wholemodule;
				SWIFT_OPTIMIZATION_LEVEL = "-O";
				VALIDATE_PRODUCT = YES;
			};
			name = Release;
		};
		32055950234D17CF00D2CBDD /* Debug */ = {
			isa = XCBuildConfiguration;
			buildSettings = {
				ASSETCATALOG_COMPILER_APPICON_NAME = AppIcon;
				CODE_SIGN_STYLE = Automatic;
				INFOPLIST_FILE = APITableView/Info.plist;
				LD_RUNPATH_SEARCH_PATHS = (
					"$(inherited)",
					"@executable_path/Frameworks",
				);
				PRODUCT_BUNDLE_IDENTIFIER = konyrova.APITableView;
				PRODUCT_NAME = "$(TARGET_NAME)";
				SWIFT_VERSION = 5.0;
				TARGETED_DEVICE_FAMILY = "1,2";
			};
			name = Debug;
		};
		32055951234D17CF00D2CBDD /* Release */ = {
			isa = XCBuildConfiguration;
			buildSettings = {
				ASSETCATALOG_COMPILER_APPICON_NAME = AppIcon;
				CODE_SIGN_STYLE = Automatic;
				INFOPLIST_FILE = APITableView/Info.plist;
				LD_RUNPATH_SEARCH_PATHS = (
					"$(inherited)",
					"@executable_path/Frameworks",
				);
				PRODUCT_BUNDLE_IDENTIFIER = konyrova.APITableView;
				PRODUCT_NAME = "$(TARGET_NAME)";
				SWIFT_VERSION = 5.0;
				TARGETED_DEVICE_FAMILY = "1,2";
			};
			name = Release;
		};
/* End XCBuildConfiguration section */

/* Begin XCConfigurationList section */
		32055938234D17CD00D2CBDD /* Build configuration list for PBXProject "APITableView" */ = {
			isa = XCConfigurationList;
			buildConfigurations = (
				3205594D234D17CF00D2CBDD /* Debug */,
				3205594E234D17CF00D2CBDD /* Release */,
			);
			defaultConfigurationIsVisible = 0;
			defaultConfigurationName = Release;
		};
		3205594F234D17CF00D2CBDD /* Build configuration list for PBXNativeTarget "APITableView" */ = {
			isa = XCConfigurationList;
			buildConfigurations = (
				32055950234D17CF00D2CBDD /* Debug */,
				32055951234D17CF00D2CBDD /* Release */,
			);
			defaultConfigurationIsVisible = 0;
			defaultConfigurationName = Release;
		};
/* End XCConfigurationList section */
	};
	rootObject = 32055935234D17CD00D2CBDD /* Project object */;
}
